
Microsoft Visual Studio Solution File, Format Version 12.00
# Visual Studio 14
VisualStudioVersion = 14.0.25420.1
MinimumVisualStudioVersion = 10.0.40219.1
Project("{8BB2217D-0F2D-49D1-97BC-3654ED321F3B}") = "DayPrinter", "DayPrinter\DayPrinter.xproj", "{B3E76AAA-3BE8-49C7-A831-64EF68C6F28D}"
EndProject
Project("{8BB2217D-0F2D-49D1-97BC-3654ED321F3B}") = "ElseIf", "ElseIf\ElseIf.xproj", "{C7008ACC-EE4B-49CC-B7FB-5F9F95E257A9}"
EndProject
Project("{8BB2217D-0F2D-49D1-97BC-3654ED321F3B}") = "TempConv", "TempConv\TempConv.xproj", "{6D18F93D-E26F-4FF4-ABF2-1450FD9FB19D}"
EndProject
Project("{8BB2217D-0F2D-49D1-97BC-3654ED321F3B}") = "HelloMethods", "HelloMethods\HelloMethods.xproj", "{9B69E0D2-FBD5-4FB4-9D40-768AE4F57300}"
EndProject
Project("{8BB2217D-0F2D-49D1-97BC-3654ED321F3B}") = "Gradebook", "Gradebook\Gradebook.xproj", "{9E08496B-2501-4CBF-844F-8FD7BA97F4E6}"
EndProject
Project("{8BB2217D-0F2D-49D1-97BC-3654ED321F3B}") = "GradebookDict", "GradebookDict\GradebookDict.xproj", "{EFCB1B91-2E92-478F-BFF7-013FF6911DCC}"
EndProject
Project("{8BB2217D-0F2D-49D1-97BC-3654ED321F3B}") = "GradebookArray", "GradebookArray\GradebookArray.xproj", "{89051A0E-8D18-48C3-B4E6-D05F62D252CE}"
EndProject
Project("{FAE04EC0-301F-11D3-BF4B-00C04F79EFBC}") = "HelloWorld", "HelloWorld\HelloWorld.csproj", "{9D739E0F-6E87-4E66-9359-0726A238CE7B}"
EndProject
Project("{FAE04EC0-301F-11D3-BF4B-00C04F79EFBC}") = "RectArea", "RectArea\RectArea.csproj", "{C02DF187-EAC6-4D00-8477-1DF67076FD78}"
EndProject
Project("{FAE04EC0-301F-11D3-BF4B-00C04F79EFBC}") = "MPGCalc", "MPGCalc\MPGCalc.csproj", "{0FBA649B-7483-4508-9E9E-C415794538B9}"
EndProject
Project("{FAE04EC0-301F-11D3-BF4B-00C04F79EFBC}") = "SearchAlice", "SearchAlice\SearchAlice.csproj", "{9F178F9C-F3A8-4DD5-A126-012A1BB3FBBF}"
EndProject
Project("{FAE04EC0-301F-11D3-BF4B-00C04F79EFBC}") = "Area", "Area\Area.csproj", "{2E6F4D22-ABB0-442C-874D-1690E8EF0C6D}"
EndProject
Project("{FAE04EC0-301F-11D3-BF4B-00C04F79EFBC}") = "SumEvens", "SumEvens\SumEvens.csproj", "{627D8F11-F4B2-410D-886D-8EC8C266FBA5}"
EndProject
Global
	GlobalSection(SolutionConfigurationPlatforms) = preSolution
		Debug|Any CPU = Debug|Any CPU
		Release|Any CPU = Release|Any CPU
	EndGlobalSection
	GlobalSection(ProjectConfigurationPlatforms) = postSolution
		{B3E76AAA-3BE8-49C7-A831-64EF68C6F28D}.Debug|Any CPU.ActiveCfg = Debug|Any CPU
		{B3E76AAA-3BE8-49C7-A831-64EF68C6F28D}.Debug|Any CPU.Build.0 = Debug|Any CPU
		{B3E76AAA-3BE8-49C7-A831-64EF68C6F28D}.Release|Any CPU.ActiveCfg = Release|Any CPU
		{B3E76AAA-3BE8-49C7-A831-64EF68C6F28D}.Release|Any CPU.Build.0 = Release|Any CPU
		{C7008ACC-EE4B-49CC-B7FB-5F9F95E257A9}.Debug|Any CPU.ActiveCfg = Debug|Any CPU
		{C7008ACC-EE4B-49CC-B7FB-5F9F95E257A9}.Debug|Any CPU.Build.0 = Debug|Any CPU
		{C7008ACC-EE4B-49CC-B7FB-5F9F95E257A9}.Release|Any CPU.ActiveCfg = Release|Any CPU
		{C7008ACC-EE4B-49CC-B7FB-5F9F95E257A9}.Release|Any CPU.Build.0 = Release|Any CPU
		{6D18F93D-E26F-4FF4-ABF2-1450FD9FB19D}.Debug|Any CPU.ActiveCfg = Debug|Any CPU
		{6D18F93D-E26F-4FF4-ABF2-1450FD9FB19D}.Debug|Any CPU.Build.0 = Debug|Any CPU
		{6D18F93D-E26F-4FF4-ABF2-1450FD9FB19D}.Release|Any CPU.ActiveCfg = Release|Any CPU
		{6D18F93D-E26F-4FF4-ABF2-1450FD9FB19D}.Release|Any CPU.Build.0 = Release|Any CPU
		{9B69E0D2-FBD5-4FB4-9D40-768AE4F57300}.Debug|Any CPU.ActiveCfg = Debug|Any CPU
		{9B69E0D2-FBD5-4FB4-9D40-768AE4F57300}.Debug|Any CPU.Build.0 = Debug|Any CPU
		{9B69E0D2-FBD5-4FB4-9D40-768AE4F57300}.Release|Any CPU.ActiveCfg = Release|Any CPU
		{9B69E0D2-FBD5-4FB4-9D40-768AE4F57300}.Release|Any CPU.Build.0 = Release|Any CPU
		{9E08496B-2501-4CBF-844F-8FD7BA97F4E6}.Debug|Any CPU.ActiveCfg = Debug|Any CPU
		{9E08496B-2501-4CBF-844F-8FD7BA97F4E6}.Debug|Any CPU.Build.0 = Debug|Any CPU
		{9E08496B-2501-4CBF-844F-8FD7BA97F4E6}.Release|Any CPU.ActiveCfg = Release|Any CPU
		{9E08496B-2501-4CBF-844F-8FD7BA97F4E6}.Release|Any CPU.Build.0 = Release|Any CPU
		{EFCB1B91-2E92-478F-BFF7-013FF6911DCC}.Debug|Any CPU.ActiveCfg = Debug|Any CPU
		{EFCB1B91-2E92-478F-BFF7-013FF6911DCC}.Debug|Any CPU.Build.0 = Debug|Any CPU
		{EFCB1B91-2E92-478F-BFF7-013FF6911DCC}.Release|Any CPU.ActiveCfg = Release|Any CPU
		{EFCB1B91-2E92-478F-BFF7-013FF6911DCC}.Release|Any CPU.Build.0 = Release|Any CPU
		{89051A0E-8D18-48C3-B4E6-D05F62D252CE}.Debug|Any CPU.ActiveCfg = Debug|Any CPU
		{89051A0E-8D18-48C3-B4E6-D05F62D252CE}.Debug|Any CPU.Build.0 = Debug|Any CPU
		{89051A0E-8D18-48C3-B4E6-D05F62D252CE}.Release|Any CPU.ActiveCfg = Release|Any CPU
		{89051A0E-8D18-48C3-B4E6-D05F62D252CE}.Release|Any CPU.Build.0 = Release|Any CPU
		{9D739E0F-6E87-4E66-9359-0726A238CE7B}.Debug|Any CPU.ActiveCfg = Debug|Any CPU
		{9D739E0F-6E87-4E66-9359-0726A238CE7B}.Debug|Any CPU.Build.0 = Debug|Any CPU
		{9D739E0F-6E87-4E66-9359-0726A238CE7B}.Release|Any CPU.ActiveCfg = Release|Any CPU
		{9D739E0F-6E87-4E66-9359-0726A238CE7B}.Release|Any CPU.Build.0 = Release|Any CPU
		{C02DF187-EAC6-4D00-8477-1DF67076FD78}.Debug|Any CPU.ActiveCfg = Debug|Any CPU
		{C02DF187-EAC6-4D00-8477-1DF67076FD78}.Debug|Any CPU.Build.0 = Debug|Any CPU
		{C02DF187-EAC6-4D00-8477-1DF67076FD78}.Release|Any CPU.ActiveCfg = Release|Any CPU
		{C02DF187-EAC6-4D00-8477-1DF67076FD78}.Release|Any CPU.Build.0 = Release|Any CPU
		{0FBA649B-7483-4508-9E9E-C415794538B9}.Debug|Any CPU.ActiveCfg = Debug|Any CPU
		{0FBA649B-7483-4508-9E9E-C415794538B9}.Debug|Any CPU.Build.0 = Debug|Any CPU
		{0FBA649B-7483-4508-9E9E-C415794538B9}.Release|Any CPU.ActiveCfg = Release|Any CPU
		{0FBA649B-7483-4508-9E9E-C415794538B9}.Release|Any CPU.Build.0 = Release|Any CPU
		{9F178F9C-F3A8-4DD5-A126-012A1BB3FBBF}.Debug|Any CPU.ActiveCfg = Debug|Any CPU
		{9F178F9C-F3A8-4DD5-A126-012A1BB3FBBF}.Debug|Any CPU.Build.0 = Debug|Any CPU
		{9F178F9C-F3A8-4DD5-A126-012A1BB3FBBF}.Release|Any CPU.ActiveCfg = Release|Any CPU
		{9F178F9C-F3A8-4DD5-A126-012A1BB3FBBF}.Release|Any CPU.Build.0 = Release|Any CPU
		{2E6F4D22-ABB0-442C-874D-1690E8EF0C6D}.Debug|Any CPU.ActiveCfg = Debug|Any CPU
		{2E6F4D22-ABB0-442C-874D-1690E8EF0C6D}.Debug|Any CPU.Build.0 = Debug|Any CPU
		{2E6F4D22-ABB0-442C-874D-1690E8EF0C6D}.Release|Any CPU.ActiveCfg = Release|Any CPU
		{2E6F4D22-ABB0-442C-874D-1690E8EF0C6D}.Release|Any CPU.Build.0 = Release|Any CPU
		{627D8F11-F4B2-410D-886D-8EC8C266FBA5}.Debug|Any CPU.ActiveCfg = Debug|Any CPU
		{627D8F11-F4B2-410D-886D-8EC8C266FBA5}.Debug|Any CPU.Build.0 = Debug|Any CPU
		{627D8F11-F4B2-410D-886D-8EC8C266FBA5}.Release|Any CPU.ActiveCfg = Release|Any CPU
		{627D8F11-F4B2-410D-886D-8EC8C266FBA5}.Release|Any CPU.Build.0 = Release|Any CPU
	EndGlobalSection
	GlobalSection(SolutionProperties) = preSolution
		HideSolutionNode = FALSE
	EndGlobalSection
EndGlobal
